
Microsoft Visual Studio Solution File, Format Version 12.00
# Visual Studio 15
VisualStudioVersion = 15.0.28010.2026
MinimumVisualStudioVersion = 10.0.40219.1
Project("{FAE04EC0-301F-11D3-BF4B-00C04F79EFBC}") = "MusicMerge.CLI", "MusicMerge.CLI\MusicMerge.CLI.csproj", "{DF14D373-E03F-45BF-8D99-BCCDAF77EC8B}"
EndProject
Global
	GlobalSection(SolutionConfigurationPlatforms) = preSolution
		Debug|Any CPU = Debug|Any CPU
		Release|Any CPU = Release|Any CPU
	EndGlobalSection
	GlobalSection(ProjectConfigurationPlatforms) = postSolution
		{DF14D373-E03F-45BF-8D99-BCCDAF77EC8B}.Debug|Any CPU.ActiveCfg = Debug|Any CPU
		{DF14D373-E03F-45BF-8D99-BCCDAF77EC8B}.Debug|Any CPU.Build.0 = Debug|Any CPU
		{DF14D373-E03F-45BF-8D99-BCCDAF77EC8B}.Release|Any CPU.ActiveCfg = Release|Any CPU
		{DF14D373-E03F-45BF-8D99-BCCDAF77EC8B}.Release|Any CPU.Build.0 = Release|Any CPU
	EndGlobalSection
	GlobalSection(SolutionProperties) = preSolution
		HideSolutionNode = FALSE
	EndGlobalSection
	GlobalSection(ExtensibilityGlobals) = postSolution
		SolutionGuid = {6F12DBC7-8338-4F1E-BCA3-9922ECD56ADD}
	EndGlobalSection
EndGlobal
